
Microsoft Visual Studio Solution File, Format Version 12.00
# Visual Studio Version 16
VisualStudioVersion = 16.0.29920.165
MinimumVisualStudioVersion = 10.0.40219.1
Project("{FAE04EC0-301F-11D3-BF4B-00C04F79EFBC}") = "testGIT", "testGIT\testGIT.csproj", "{4C11232F-B17B-4F65-8A6D-26E5C3403561}"
EndProject
Global
	GlobalSection(SolutionConfigurationPlatforms) = preSolution
		Debug|Any CPU = Debug|Any CPU
		Release|Any CPU = Release|Any CPU
	EndGlobalSection
	GlobalSection(ProjectConfigurationPlatforms) = postSolution
		{4C11232F-B17B-4F65-8A6D-26E5C3403561}.Debug|Any CPU.ActiveCfg = Debug|Any CPU
		{4C11232F-B17B-4F65-8A6D-26E5C3403561}.Debug|Any CPU.Build.0 = Debug|Any CPU
		{4C11232F-B17B-4F65-8A6D-26E5C3403561}.Release|Any CPU.ActiveCfg = Release|Any CPU
		{4C11232F-B17B-4F65-8A6D-26E5C3403561}.Release|Any CPU.Build.0 = Release|Any CPU
	EndGlobalSection
	GlobalSection(SolutionProperties) = preSolution
		HideSolutionNode = FALSE
	EndGlobalSection
	GlobalSection(ExtensibilityGlobals) = postSolution
		SolutionGuid = {749B7851-DBC2-4C2C-A9FC-4D387BD95BB4}
	EndGlobalSection
EndGlobal
